
Microsoft Visual Studio Solution File, Format Version 12.00
# Visual Studio 15
VisualStudioVersion = 15.0.28307.1340
MinimumVisualStudioVersion = 10.0.40219.1
Project("{8BC9CEB8-8B4A-11D0-8D11-00A0C91BC942}") = "LP_LAB-02.01", "LP_LAB-02.01\LP_LAB-02.01.vcxproj", "{953E50E0-00E7-4415-9A9B-66C98B2C61A3}"
EndProject
Project("{8BC9CEB8-8B4A-11D0-8D11-00A0C91BC942}") = "LP_LAB-02.02", "LP_LAB-02.02\LP_LAB-02.02.vcxproj", "{5B7AD457-C24D-4A44-9E46-FBC64402A077}"
EndProject
Project("{8BC9CEB8-8B4A-11D0-8D11-00A0C91BC942}") = "LP_LAB-02.03", "LP_LAB-02.03\LP_LAB-02.03.vcxproj", "{ED98A2B0-C65F-4306-BE4B-522174B1834E}"
EndProject
Project("{8BC9CEB8-8B4A-11D0-8D11-00A0C91BC942}") = "LP_LAB-02.04", "LP_LAB-02.04\LP_LAB-02.04.vcxproj", "{4168A3B3-DFE0-41D2-B3E2-4D40690CFF42}"
EndProject
Project("{8BC9CEB8-8B4A-11D0-8D11-00A0C91BC942}") = "LP_LAB-02.05", "LP_LAB-02.05\LP_LAB-02.05.vcxproj", "{F4D16076-8058-4DA1-B17E-E58891A40747}"
EndProject
Project("{8BC9CEB8-8B4A-11D0-8D11-00A0C91BC942}") = "LP_LAB-02.06", "LP_LAB-02.06\LP_LAB-02.06.vcxproj", "{D298E895-53B3-4A11-8D23-47AD9CC958D9}"
EndProject
Global
	GlobalSection(SolutionConfigurationPlatforms) = preSolution
		Debug|x64 = Debug|x64
		Debug|x86 = Debug|x86
		Release|x64 = Release|x64
		Release|x86 = Release|x86
	EndGlobalSection
	GlobalSection(ProjectConfigurationPlatforms) = postSolution
		{953E50E0-00E7-4415-9A9B-66C98B2C61A3}.Debug|x64.ActiveCfg = Debug|x64
		{953E50E0-00E7-4415-9A9B-66C98B2C61A3}.Debug|x64.Build.0 = Debug|x64
		{953E50E0-00E7-4415-9A9B-66C98B2C61A3}.Debug|x86.ActiveCfg = Debug|Win32
		{953E50E0-00E7-4415-9A9B-66C98B2C61A3}.Debug|x86.Build.0 = Debug|Win32
		{953E50E0-00E7-4415-9A9B-66C98B2C61A3}.Release|x64.ActiveCfg = Release|x64
		{953E50E0-00E7-4415-9A9B-66C98B2C61A3}.Release|x64.Build.0 = Release|x64
		{953E50E0-00E7-4415-9A9B-66C98B2C61A3}.Release|x86.ActiveCfg = Release|Win32
		{953E50E0-00E7-4415-9A9B-66C98B2C61A3}.Release|x86.Build.0 = Release|Win32
		{5B7AD457-C24D-4A44-9E46-FBC64402A077}.Debug|x64.ActiveCfg = Debug|x64
		{5B7AD457-C24D-4A44-9E46-FBC64402A077}.Debug|x64.Build.0 = Debug|x64
		{5B7AD457-C24D-4A44-9E46-FBC64402A077}.Debug|x86.ActiveCfg = Debug|Win32
		{5B7AD457-C24D-4A44-9E46-FBC64402A077}.Debug|x86.Build.0 = Debug|Win32
		{5B7AD457-C24D-4A44-9E46-FBC64402A077}.Release|x64.ActiveCfg = Release|x64
		{5B7AD457-C24D-4A44-9E46-FBC64402A077}.Release|x64.Build.0 = Release|x64
		{5B7AD457-C24D-4A44-9E46-FBC64402A077}.Release|x86.ActiveCfg = Release|Win32
		{5B7AD457-C24D-4A44-9E46-FBC64402A077}.Release|x86.Build.0 = Release|Win32
		{ED98A2B0-C65F-4306-BE4B-522174B1834E}.Debug|x64.ActiveCfg = Debug|x64
		{ED98A2B0-C65F-4306-BE4B-522174B1834E}.Debug|x64.Build.0 = Debug|x64
		{ED98A2B0-C65F-4306-BE4B-522174B1834E}.Debug|x86.ActiveCfg = Debug|Win32
		{ED98A2B0-C65F-4306-BE4B-522174B1834E}.Debug|x86.Build.0 = Debug|Win32
		{ED98A2B0-C65F-4306-BE4B-522174B1834E}.Release|x64.ActiveCfg = Release|x64
		{ED98A2B0-C65F-4306-BE4B-522174B1834E}.Release|x64.Build.0 = Release|x64
		{ED98A2B0-C65F-4306-BE4B-522174B1834E}.Release|x86.ActiveCfg = Release|Win32
		{ED98A2B0-C65F-4306-BE4B-522174B1834E}.Release|x86.Build.0 = Release|Win32
		{4168A3B3-DFE0-41D2-B3E2-4D40690CFF42}.Debug|x64.ActiveCfg = Debug|x64
		{4168A3B3-DFE0-41D2-B3E2-4D40690CFF42}.Debug|x64.Build.0 = Debug|x64
		{4168A3B3-DFE0-41D2-B3E2-4D40690CFF42}.Debug|x86.ActiveCfg = Debug|Win32
		{4168A3B3-DFE0-41D2-B3E2-4D40690CFF42}.Debug|x86.Build.0 = Debug|Win32
		{4168A3B3-DFE0-41D2-B3E2-4D40690CFF42}.Release|x64.ActiveCfg = Release|x64
		{4168A3B3-DFE0-41D2-B3E2-4D40690CFF42}.Release|x64.Build.0 = Release|x64
		{4168A3B3-DFE0-41D2-B3E2-4D40690CFF42}.Release|x86.ActiveCfg = Release|Win32
		{4168A3B3-DFE0-41D2-B3E2-4D40690CFF42}.Release|x86.Build.0 = Release|Win32
		{F4D16076-8058-4DA1-B17E-E58891A40747}.Debug|x64.ActiveCfg = Debug|x64
		{F4D16076-8058-4DA1-B17E-E58891A40747}.Debug|x64.Build.0 = Debug|x64
		{F4D16076-8058-4DA1-B17E-E58891A40747}.Debug|x86.ActiveCfg = Debug|Win32
		{F4D16076-8058-4DA1-B17E-E58891A40747}.Debug|x86.Build.0 = Debug|Win32
		{F4D16076-8058-4DA1-B17E-E58891A40747}.Release|x64.ActiveCfg = Release|x64
		{F4D16076-8058-4DA1-B17E-E58891A40747}.Release|x64.Build.0 = Release|x64
		{F4D16076-8058-4DA1-B17E-E58891A40747}.Release|x86.ActiveCfg = Release|Win32
		{F4D16076-8058-4DA1-B17E-E58891A40747}.Release|x86.Build.0 = Release|Win32
		{D298E895-53B3-4A11-8D23-47AD9CC958D9}.Debug|x64.ActiveCfg = Debug|x64
		{D298E895-53B3-4A11-8D23-47AD9CC958D9}.Debug|x64.Build.0 = Debug|x64
		{D298E895-53B3-4A11-8D23-47AD9CC958D9}.Debug|x86.ActiveCfg = Debug|Win32
		{D298E895-53B3-4A11-8D23-47AD9CC958D9}.Debug|x86.Build.0 = Debug|Win32
		{D298E895-53B3-4A11-8D23-47AD9CC958D9}.Release|x64.ActiveCfg = Release|x64
		{D298E895-53B3-4A11-8D23-47AD9CC958D9}.Release|x64.Build.0 = Release|x64
		{D298E895-53B3-4A11-8D23-47AD9CC958D9}.Release|x86.ActiveCfg = Release|Win32
		{D298E895-53B3-4A11-8D23-47AD9CC958D9}.Release|x86.Build.0 = Release|Win32
	EndGlobalSection
	GlobalSection(SolutionProperties) = preSolution
		HideSolutionNode = FALSE
	EndGlobalSection
	GlobalSection(ExtensibilityGlobals) = postSolution
		SolutionGuid = {650B47CC-44A9-40D7-8537-668AEB724DA5}
	EndGlobalSection
EndGlobal
